// !$*UTF8*$!
{
	archiveVersion = 1;
	classes = {
	};
	objectVersion = 50;
	objects = {

/* Begin PBXBuildFile section */
		454F6C0B24192F3300742A6E /* AppDelegate.swift in Sources */ = {isa = PBXBuildFile; fileRef = 454F6C0A24192F3300742A6E /* AppDelegate.swift */; };
		454F6C0D24192F3300742A6E /* SceneDelegate.swift in Sources */ = {isa = PBXBuildFile; fileRef = 454F6C0C24192F3300742A6E /* SceneDelegate.swift */; };
		454F6C1224192F3300742A6E /* Main.storyboard in Resources */ = {isa = PBXBuildFile; fileRef = 454F6C1024192F3300742A6E /* Main.storyboard */; };
		454F6C1424192F3500742A6E /* Assets.xcassets in Resources */ = {isa = PBXBuildFile; fileRef = 454F6C1324192F3500742A6E /* Assets.xcassets */; };
		454F6C1724192F3500742A6E /* LaunchScreen.storyboard in Resources */ = {isa = PBXBuildFile; fileRef = 454F6C1524192F3500742A6E /* LaunchScreen.storyboard */; };
		454F6C1F24192FF000742A6E /* CommentsTableViewController.swift in Sources */ = {isa = PBXBuildFile; fileRef = 454F6C1E24192FF000742A6E /* CommentsTableViewController.swift */; };
		454F6C212419300E00742A6E /* CommentTableViewCell.swift in Sources */ = {isa = PBXBuildFile; fileRef = 454F6C202419300E00742A6E /* CommentTableViewCell.swift */; };
		454F6C252419316100742A6E /* AudioRecordViewController.swift in Sources */ = {isa = PBXBuildFile; fileRef = 454F6C242419316100742A6E /* AudioRecordViewController.swift */; };
		454F6C27241931BA00742A6E /* AudioVisualizer.swift in Sources */ = {isa = PBXBuildFile; fileRef = 454F6C26241931BA00742A6E /* AudioVisualizer.swift */; };
		454F6C29241934AC00742A6E /* piano copy.mp3 in Resources */ = {isa = PBXBuildFile; fileRef = 454F6C28241934AC00742A6E /* piano copy.mp3 */; };
/* End PBXBuildFile section */

/* Begin PBXFileReference section */
		454F6C0724192F3300742A6E /* AudioComments-Afternoon.app */ = {isa = PBXFileReference; explicitFileType = wrapper.application; includeInIndex = 0; path = "AudioComments-Afternoon.app"; sourceTree = BUILT_PRODUCTS_DIR; };
		454F6C0A24192F3300742A6E /* AppDelegate.swift */ = {isa = PBXFileReference; lastKnownFileType = sourcecode.swift; path = AppDelegate.swift; sourceTree = "<group>"; };
		454F6C0C24192F3300742A6E /* SceneDelegate.swift */ = {isa = PBXFileReference; lastKnownFileType = sourcecode.swift; path = SceneDelegate.swift; sourceTree = "<group>"; };
		454F6C1124192F3300742A6E /* Base */ = {isa = PBXFileReference; lastKnownFileType = file.storyboard; name = Base; path = Base.lproj/Main.storyboard; sourceTree = "<group>"; };
		454F6C1324192F3500742A6E /* Assets.xcassets */ = {isa = PBXFileReference; lastKnownFileType = folder.assetcatalog; path = Assets.xcassets; sourceTree = "<group>"; };
		454F6C1624192F3500742A6E /* Base */ = {isa = PBXFileReference; lastKnownFileType = file.storyboard; name = Base; path = Base.lproj/LaunchScreen.storyboard; sourceTree = "<group>"; };
		454F6C1824192F3500742A6E /* Info.plist */ = {isa = PBXFileReference; lastKnownFileType = text.plist.xml; path = Info.plist; sourceTree = "<group>"; };
		454F6C1E24192FF000742A6E /* CommentsTableViewController.swift */ = {isa = PBXFileReference; lastKnownFileType = sourcecode.swift; path = CommentsTableViewController.swift; sourceTree = "<group>"; };
		454F6C202419300E00742A6E /* CommentTableViewCell.swift */ = {isa = PBXFileReference; lastKnownFileType = sourcecode.swift; path = CommentTableViewCell.swift; sourceTree = "<group>"; };
		454F6C242419316100742A6E /* AudioRecordViewController.swift */ = {isa = PBXFileReference; lastKnownFileType = sourcecode.swift; path = AudioRecordViewController.swift; sourceTree = "<group>"; };
		454F6C26241931BA00742A6E /* AudioVisualizer.swift */ = {isa = PBXFileReference; lastKnownFileType = sourcecode.swift; path = AudioVisualizer.swift; sourceTree = "<group>"; };
		454F6C28241934AC00742A6E /* piano copy.mp3 */ = {isa = PBXFileReference; lastKnownFileType = audio.mp3; path = "piano copy.mp3"; sourceTree = "<group>"; };
/* End PBXFileReference section */

/* Begin PBXFrameworksBuildPhase section */
		454F6C0424192F3300742A6E /* Frameworks */ = {
			isa = PBXFrameworksBuildPhase;
			buildActionMask = 2147483647;
			files = (
			);
			runOnlyForDeploymentPostprocessing = 0;
		};
/* End PBXFrameworksBuildPhase section */

/* Begin PBXGroup section */
		454F6BFE24192F3300742A6E = {
			isa = PBXGroup;
			children = (
				454F6C0924192F3300742A6E /* AudioComments-Afternoon */,
				454F6C0824192F3300742A6E /* Products */,
			);
			sourceTree = "<group>";
		};
		454F6C0824192F3300742A6E /* Products */ = {
			isa = PBXGroup;
			children = (
				454F6C0724192F3300742A6E /* AudioComments-Afternoon.app */,
			);
			name = Products;
			sourceTree = "<group>";
		};
		454F6C0924192F3300742A6E /* AudioComments-Afternoon */ = {
			isa = PBXGroup;
			children = (
				454F6C232419301D00742A6E /* Views */,
				454F6C222419301400742A6E /* View Controllers */,
				454F6C0A24192F3300742A6E /* AppDelegate.swift */,
				454F6C0C24192F3300742A6E /* SceneDelegate.swift */,
				454F6C28241934AC00742A6E /* piano copy.mp3 */,
				454F6C1024192F3300742A6E /* Main.storyboard */,
				454F6C1324192F3500742A6E /* Assets.xcassets */,
				454F6C1524192F3500742A6E /* LaunchScreen.storyboard */,
				454F6C1824192F3500742A6E /* Info.plist */,
				454F6C26241931BA00742A6E /* AudioVisualizer.swift */,
			);
			path = "AudioComments-Afternoon";
			sourceTree = "<group>";
		};
		454F6C222419301400742A6E /* View Controllers */ = {
			isa = PBXGroup;
			children = (
				454F6C1E24192FF000742A6E /* CommentsTableViewController.swift */,
				454F6C242419316100742A6E /* AudioRecordViewController.swift */,
			);
			path = "View Controllers";
			sourceTree = "<group>";
		};
		454F6C232419301D00742A6E /* Views */ = {
			isa = PBXGroup;
			children = (
				454F6C202419300E00742A6E /* CommentTableViewCell.swift */,
			);
			path = Views;
			sourceTree = "<group>";
		};
/* End PBXGroup section */

/* Begin PBXNativeTarget section */
		454F6C0624192F3300742A6E /* AudioComments-Afternoon */ = {
			isa = PBXNativeTarget;
			buildConfigurationList = 454F6C1B24192F3500742A6E /* Build configuration list for PBXNativeTarget "AudioComments-Afternoon" */;
			buildPhases = (
				454F6C0324192F3300742A6E /* Sources */,
				454F6C0424192F3300742A6E /* Frameworks */,
				454F6C0524192F3300742A6E /* Resources */,
			);
			buildRules = (
			);
			dependencies = (
			);
			name = "AudioComments-Afternoon";
			productName = "AudioComments-Afternoon";
			productReference = 454F6C0724192F3300742A6E /* AudioComments-Afternoon.app */;
			productType = "com.apple.product-type.application";
		};
/* End PBXNativeTarget section */

/* Begin PBXProject section */
		454F6BFF24192F3300742A6E /* Project object */ = {
			isa = PBXProject;
			attributes = {
				LastSwiftUpdateCheck = 1110;
				LastUpgradeCheck = 1110;
				ORGANIZATIONNAME = "Lambda School";
				TargetAttributes = {
					454F6C0624192F3300742A6E = {
						CreatedOnToolsVersion = 11.1;
					};
				};
			};
			buildConfigurationList = 454F6C0224192F3300742A6E /* Build configuration list for PBXProject "AudioComments-Afternoon" */;
			compatibilityVersion = "Xcode 9.3";
			developmentRegion = en;
			hasScannedForEncodings = 0;
			knownRegions = (
				en,
				Base,
			);
			mainGroup = 454F6BFE24192F3300742A6E;
			productRefGroup = 454F6C0824192F3300742A6E /* Products */;
			projectDirPath = "";
			projectRoot = "";
			targets = (
				454F6C0624192F3300742A6E /* AudioComments-Afternoon */,
			);
		};
/* End PBXProject section */

/* Begin PBXResourcesBuildPhase section */
		454F6C0524192F3300742A6E /* Resources */ = {
			isa = PBXResourcesBuildPhase;
			buildActionMask = 2147483647;
			files = (
				454F6C1724192F3500742A6E /* LaunchScreen.storyboard in Resources */,
				454F6C1424192F3500742A6E /* Assets.xcassets in Resources */,
				454F6C29241934AC00742A6E /* piano copy.mp3 in Resources */,
				454F6C1224192F3300742A6E /* Main.storyboard in Resources */,
			);
			runOnlyForDeploymentPostprocessing = 0;
		};
/* End PBXResourcesBuildPhase section */

/* Begin PBXSourcesBuildPhase section */
		454F6C0324192F3300742A6E /* Sources */ = {
			isa = PBXSourcesBuildPhase;
			buildActionMask = 2147483647;
			files = (
				454F6C252419316100742A6E /* AudioRecordViewController.swift in Sources */,
				454F6C0B24192F3300742A6E /* AppDelegate.swift in Sources */,
				454F6C0D24192F3300742A6E /* SceneDelegate.swift in Sources */,
				454F6C1F24192FF000742A6E /* CommentsTableViewController.swift in Sources */,
				454F6C27241931BA00742A6E /* AudioVisualizer.swift in Sources */,
				454F6C212419300E00742A6E /* CommentTableViewCell.swift in Sources */,
			);
			runOnlyForDeploymentPostprocessing = 0;
		};
/* End PBXSourcesBuildPhase section */

/* Begin PBXVariantGroup section */
		454F6C1024192F3300742A6E /* Main.storyboard */ = {
			isa = PBXVariantGroup;
			children = (
				454F6C1124192F3300742A6E /* Base */,
			);
			name = Main.storyboard;
			sourceTree = "<group>";
		};
		454F6C1524192F3500742A6E /* LaunchScreen.storyboard */ = {
			isa = PBXVariantGroup;
			children = (
				454F6C1624192F3500742A6E /* Base */,
			);
			name = LaunchScreen.storyboard;
			sourceTree = "<group>";
		};
/* End PBXVariantGroup section */

/* Begin XCBuildConfiguration section */
		454F6C1924192F3500742A6E /* Debug */ = {
			isa = XCBuildConfiguration;
			buildSettings = {
				ALWAYS_SEARCH_USER_PATHS = NO;
				CLANG_ANALYZER_NONNULL = YES;
				CLANG_ANALYZER_NUMBER_OBJECT_CONVERSION = YES_AGGRESSIVE;
				CLANG_CXX_LANGUAGE_STANDARD = "gnu++14";
				CLANG_CXX_LIBRARY = "libc++";
				CLANG_ENABLE_MODULES = YES;
				CLANG_ENABLE_OBJC_ARC = YES;
				CLANG_ENABLE_OBJC_WEAK = YES;
				CLANG_WARN_BLOCK_CAPTURE_AUTORELEASING = YES;
				CLANG_WARN_BOOL_CONVERSION = YES;
				CLANG_WARN_COMMA = YES;
				CLANG_WARN_CONSTANT_CONVERSION = YES;
				CLANG_WARN_DEPRECATED_OBJC_IMPLEMENTATIONS = YES;
				CLANG_WARN_DIRECT_OBJC_ISA_USAGE = YES_ERROR;
				CLANG_WARN_DOCUMENTATION_COMMENTS = YES;
				CLANG_WARN_EMPTY_BODY = YES;
				CLANG_WARN_ENUM_CONVERSION = YES;
				CLANG_WARN_INFINITE_RECURSION = YES;
				CLANG_WARN_INT_CONVERSION = YES;
				CLANG_WARN_NON_LITERAL_NULL_CONVERSION = YES;
				CLANG_WARN_OBJC_IMPLICIT_RETAIN_SELF = YES;
				CLANG_WARN_OBJC_LITERAL_CONVERSION = YES;
				CLANG_WARN_OBJC_ROOT_CLASS = YES_ERROR;
				CLANG_WARN_RANGE_LOOP_ANALYSIS = YES;
				CLANG_WARN_STRICT_PROTOTYPES = YES;
				CLANG_WARN_SUSPICIOUS_MOVE = YES;
				CLANG_WARN_UNGUARDED_AVAILABILITY = YES_AGGRESSIVE;
				CLANG_WARN_UNREACHABLE_CODE = YES;
				CLANG_WARN__DUPLICATE_METHOD_MATCH = YES;
				COPY_PHASE_STRIP = NO;
				DEBUG_INFORMATION_FORMAT = dwarf;
				ENABLE_STRICT_OBJC_MSGSEND = YES;
				ENABLE_TESTABILITY = YES;
				GCC_C_LANGUAGE_STANDARD = gnu11;
				GCC_DYNAMIC_NO_PIC = NO;
				GCC_NO_COMMON_BLOCKS = YES;
				GCC_OPTIMIZATION_LEVEL = 0;
				GCC_PREPROCESSOR_DEFINITIONS = (
					"DEBUG=1",
					"$(inherited)",
				);
				GCC_WARN_64_TO_32_BIT_CONVERSION = YES;
				GCC_WARN_ABOUT_RETURN_TYPE = YES_ERROR;
				GCC_WARN_UNDECLARED_SELECTOR = YES;
				GCC_WARN_UNINITIALIZED_AUTOS = YES_AGGRESSIVE;
				GCC_WARN_UNUSED_FUNCTION = YES;
				GCC_WARN_UNUSED_VARIABLE = YES;
				IPHONEOS_DEPLOYMENT_TARGET = 13.1;
				MTL_ENABLE_DEBUG_INFO = INCLUDE_SOURCE;
				MTL_FAST_MATH = YES;
				ONLY_ACTIVE_ARCH = YES;
				SDKROOT = iphoneos;
				SWIFT_ACTIVE_COMPILATION_CONDITIONS = DEBUG;
				SWIFT_OPTIMIZATION_LEVEL = "-Onone";
			};
			name = Debug;
		};
		454F6C1A24192F3500742A6E /* Release */ = {
			isa = XCBuildConfiguration;
			buildSettings = {
				ALWAYS_SEARCH_USER_PATHS = NO;
				CLANG_ANALYZER_NONNULL = YES;
				CLANG_ANALYZER_NUMBER_OBJECT_CONVERSION = YES_AGGRESSIVE;
				CLANG_CXX_LANGUAGE_STANDARD = "gnu++14";
				CLANG_CXX_LIBRARY = "libc++";
				CLANG_ENABLE_MODULES = YES;
				CLANG_ENABLE_OBJC_ARC = YES;
				CLANG_ENABLE_OBJC_WEAK = YES;
				CLANG_WARN_BLOCK_CAPTURE_AUTORELEASING = YES;
				CLANG_WARN_BOOL_CONVERSION = YES;
				CLANG_WARN_COMMA = YES;
				CLANG_WARN_CONSTANT_CONVERSION = YES;
				CLANG_WARN_DEPRECATED_OBJC_IMPLEMENTATIONS = YES;
				CLANG_WARN_DIRECT_OBJC_ISA_USAGE = YES_ERROR;
				CLANG_WARN_DOCUMENTATION_COMMENTS = YES;
				CLANG_WARN_EMPTY_BODY = YES;
				CLANG_WARN_ENUM_CONVERSION = YES;
				CLANG_WARN_INFINITE_RECURSION = YES;
				CLANG_WARN_INT_CONVERSION = YES;
				CLANG_WARN_NON_LITERAL_NULL_CONVERSION = YES;
				CLANG_WARN_OBJC_IMPLICIT_RETAIN_SELF = YES;
				CLANG_WARN_OBJC_LITERAL_CONVERSION = YES;
				CLANG_WARN_OBJC_ROOT_CLASS = YES_ERROR;
				CLANG_WARN_RANGE_LOOP_ANALYSIS = YES;
				CLANG_WARN_STRICT_PROTOTYPES = YES;
				CLANG_WARN_SUSPICIOUS_MOVE = YES;
				CLANG_WARN_UNGUARDED_AVAILABILITY = YES_AGGRESSIVE;
				CLANG_WARN_UNREACHABLE_CODE = YES;
				CLANG_WARN__DUPLICATE_METHOD_MATCH = YES;
				COPY_PHASE_STRIP = NO;
				DEBUG_INFORMATION_FORMAT = "dwarf-with-dsym";
				ENABLE_NS_ASSERTIONS = NO;
				ENABLE_STRICT_OBJC_MSGSEND = YES;
				GCC_C_LANGUAGE_STANDARD = gnu11;
				GCC_NO_COMMON_BLOCKS = YES;
				GCC_WARN_64_TO_32_BIT_CONVERSION = YES;
				GCC_WARN_ABOUT_RETURN_TYPE = YES_ERROR;
				GCC_WARN_UNDECLARED_SELECTOR = YES;
				GCC_WARN_UNINITIALIZED_AUTOS = YES_AGGRESSIVE;
				GCC_WARN_UNUSED_FUNCTION = YES;
				GCC_WARN_UNUSED_VARIABLE = YES;
				IPHONEOS_DEPLOYMENT_TARGET = 13.1;
				MTL_ENABLE_DEBUG_INFO = NO;
				MTL_FAST_MATH = YES;
				SDKROOT = iphoneos;
				SWIFT_COMPILATION_MODE = wholemodule;
				SWIFT_OPTIMIZATION_LEVEL = "-O";
				VALIDATE_PRODUCT = YES;
			};
			name = Release;
		};
		454F6C1C24192F3500742A6E /* Debug */ = {
			isa = XCBuildConfiguration;
			buildSettings = {
				ASSETCATALOG_COMPILER_APPICON_NAME = AppIcon;
				CODE_SIGN_STYLE = Automatic;
				INFOPLIST_FILE = "AudioComments-Afternoon/Info.plist";
				LD_RUNPATH_SEARCH_PATHS = (
					"$(inherited)",
					"@executable_path/Frameworks",
				);
				PRODUCT_BUNDLE_IDENTIFIER = "com.flash.AudioComments-Afternoon";
				PRODUCT_NAME = "$(TARGET_NAME)";
				SWIFT_VERSION = 5.0;
				TARGETED_DEVICE_FAMILY = "1,2";
			};
			name = Debug;
		};
		454F6C1D24192F3500742A6E /* Release */ = {
			isa = XCBuildConfiguration;
			buildSettings = {
				ASSETCATALOG_COMPILER_APPICON_NAME = AppIcon;
				CODE_SIGN_STYLE = Automatic;
				INFOPLIST_FILE = "AudioComments-Afternoon/Info.plist";
				LD_RUNPATH_SEARCH_PATHS = (
					"$(inherited)",
					"@executable_path/Frameworks",
				);
				PRODUCT_BUNDLE_IDENTIFIER = "com.flash.AudioComments-Afternoon";
				PRODUCT_NAME = "$(TARGET_NAME)";
				SWIFT_VERSION = 5.0;
				TARGETED_DEVICE_FAMILY = "1,2";
			};
			name = Release;
		};
/* End XCBuildConfiguration section */

/* Begin XCConfigurationList section */
		454F6C0224192F3300742A6E /* Build configuration list for PBXProject "AudioComments-Afternoon" */ = {
			isa = XCConfigurationList;
			buildConfigurations = (
				454F6C1924192F3500742A6E /* Debug */,
				454F6C1A24192F3500742A6E /* Release */,
			);
			defaultConfigurationIsVisible = 0;
			defaultConfigurationName = Release;
		};
		454F6C1B24192F3500742A6E /* Build configuration list for PBXNativeTarget "AudioComments-Afternoon" */ = {
			isa = XCConfigurationList;
			buildConfigurations = (
				454F6C1C24192F3500742A6E /* Debug */,
				454F6C1D24192F3500742A6E /* Release */,
			);
			defaultConfigurationIsVisible = 0;
			defaultConfigurationName = Release;
		};
/* End XCConfigurationList section */
	};
	rootObject = 454F6BFF24192F3300742A6E /* Project object */;
}
